
Microsoft Visual Studio Solution File, Format Version 12.00
# Visual Studio Version 16
VisualStudioVersion = 16.0.30320.27
MinimumVisualStudioVersion = 10.0.40219.1
Project("{2150E333-8FDC-42A3-9474-1A3956D46DE8}") = "Common", "Common", "{E7123AAA-8DD2-4FB0-8FFB-45995BDBF581}"
EndProject
Project("{2150E333-8FDC-42A3-9474-1A3956D46DE8}") = "Business", "Business", "{3DBCD14F-3200-4AAA-A7B2-1E1950DB38ED}"
EndProject
Project("{2150E333-8FDC-42A3-9474-1A3956D46DE8}") = "Data", "Data", "{AD42E931-D6E9-462F-8D3F-A3A325E192BF}"
EndProject
Project("{2150E333-8FDC-42A3-9474-1A3956D46DE8}") = "DataModel", "DataModel", "{A740F90E-8752-4EB6-AC00-C85EA9429F84}"
EndProject
Project("{2150E333-8FDC-42A3-9474-1A3956D46DE8}") = "ViewModel", "ViewModel", "{9E273562-E2F4-43BC-BB91-F146C3D43F25}"
EndProject
Project("{2150E333-8FDC-42A3-9474-1A3956D46DE8}") = "UI", "UI", "{DA0D9A50-C704-4292-98B9-E5049764498D}"
EndProject
Project("{9A19103F-16F7-4668-BE54-9A1E7A4F7556}") = "Data.BaseContext", "Data.BaseContext\Data.BaseContext.csproj", "{213F1AF6-7AC3-49A9-B6D7-6940F82A8EBE}"
EndProject
Project("{9A19103F-16F7-4668-BE54-9A1E7A4F7556}") = "DataModel.BaseEntities", "DataModel.BaseEntities\DataModel.BaseEntities.csproj", "{31EF73FB-4BC1-454F-8D55-D008307AABFF}"
EndProject
Project("{9A19103F-16F7-4668-BE54-9A1E7A4F7556}") = "DataModel.Infrastructure", "DataModel.Infrastructure\DataModel.Infrastructure.csproj", "{EB3CA151-3053-46CE-972A-9F21740FBE00}"
EndProject
Project("{2150E333-8FDC-42A3-9474-1A3956D46DE8}") = "Repository", "Repository", "{234C5722-4F7D-466B-9973-C983D3FB4944}"
EndProject
Project("{9A19103F-16F7-4668-BE54-9A1E7A4F7556}") = "Repository.ConCreate", "Repository.ConCreate\Repository.ConCreate.csproj", "{BCCE3895-AEB8-49A9-92CD-DC63F962958F}"
EndProject
Project("{9A19103F-16F7-4668-BE54-9A1E7A4F7556}") = "Repository.Infrastructure", "Repository.Infrastructure\Repository.Infrastructure.csproj", "{192FD54C-BE21-4D91-A0F0-882928F1F80B}"
EndProject
Project("{9A19103F-16F7-4668-BE54-9A1E7A4F7556}") = "Repository.Base", "Repository.Base\Repository.Base.csproj", "{F8341946-A5FF-4E2C-8ECD-F0B368C3F1FA}"
EndProject
Project("{9A19103F-16F7-4668-BE54-9A1E7A4F7556}") = "Business.Service.Infrastructure", "Business.Service.Infrastructure\Business.Service.Infrastructure.csproj", "{5001485C-2604-4B09-982D-686ABD14B786}"
EndProject
Project("{9A19103F-16F7-4668-BE54-9A1E7A4F7556}") = "Business.Service", "Business.Service\Business.Service.csproj", "{263AB9FD-F553-4E4E-BB20-0784D590CC26}"
EndProject
Project("{9A19103F-16F7-4668-BE54-9A1E7A4F7556}") = "ViewModel.Views", "ViewModel.Views\ViewModel.Views.csproj", "{AA0AC9A8-8D6D-4B4E-BA94-7739A59F356B}"
EndProject
Project("{9A19103F-16F7-4668-BE54-9A1E7A4F7556}") = "Common.Helpers", "Common.Helpers\Common.Helpers.csproj", "{6C7B4F21-5DD1-4FEF-BEB9-B0E876C03F32}"
EndProject
Project("{2150E333-8FDC-42A3-9474-1A3956D46DE8}") = "Core", "Core", "{3EEE5397-1FB7-46C0-BF87-F5135AD0AAF7}"
EndProject
Project("{9A19103F-16F7-4668-BE54-9A1E7A4F7556}") = "Core.Infrastructure", "Core.Infrastructure\Core.Infrastructure.csproj", "{A74E6CCA-299B-42ED-966C-81E4DEA2E5D9}"
EndProject
Project("{9A19103F-16F7-4668-BE54-9A1E7A4F7556}") = "Core.Locator", "Core.Locator\Core.Locator.csproj", "{4C9B798B-7733-4C05-B403-9B886C612501}"
EndProject
Project("{9A19103F-16F7-4668-BE54-9A1E7A4F7556}") = "ViewModel.Core", "ViewModel.Core\ViewModel.Core.csproj", "{4FF1B0D1-4EF6-4D30-9F46-559056F2E0B7}"
EndProject
Project("{9A19103F-16F7-4668-BE54-9A1E7A4F7556}") = "ServiceBuilderApi", "ServiceBuilderApi\ServiceBuilderApi.csproj", "{A711BCA4-8F03-40C4-A0E9-BE8A02C0A6BF}"
EndProject
Project("{9A19103F-16F7-4668-BE54-9A1E7A4F7556}") = "ServiceBuilderPanel", "ServiceBuilderPanel\ServiceBuilderPanel.csproj", "{4E722854-03C7-480D-BDCA-5A58B668303C}"
EndProject
Project("{9A19103F-16F7-4668-BE54-9A1E7A4F7556}") = "ServiceBuilderUI", "ServiceBuilderUI\ServiceBuilderUI.csproj", "{0877D89C-B73F-4C99-8469-098CC49BC0F6}"
EndProject
Global
	GlobalSection(SolutionConfigurationPlatforms) = preSolution
		Debug|Any CPU = Debug|Any CPU
		Release|Any CPU = Release|Any CPU
	EndGlobalSection
	GlobalSection(ProjectConfigurationPlatforms) = postSolution
		{213F1AF6-7AC3-49A9-B6D7-6940F82A8EBE}.Debug|Any CPU.ActiveCfg = Debug|Any CPU
		{213F1AF6-7AC3-49A9-B6D7-6940F82A8EBE}.Debug|Any CPU.Build.0 = Debug|Any CPU
		{213F1AF6-7AC3-49A9-B6D7-6940F82A8EBE}.Release|Any CPU.ActiveCfg = Release|Any CPU
		{213F1AF6-7AC3-49A9-B6D7-6940F82A8EBE}.Release|Any CPU.Build.0 = Release|Any CPU
		{31EF73FB-4BC1-454F-8D55-D008307AABFF}.Debug|Any CPU.ActiveCfg = Debug|Any CPU
		{31EF73FB-4BC1-454F-8D55-D008307AABFF}.Debug|Any CPU.Build.0 = Debug|Any CPU
		{31EF73FB-4BC1-454F-8D55-D008307AABFF}.Release|Any CPU.ActiveCfg = Release|Any CPU
		{31EF73FB-4BC1-454F-8D55-D008307AABFF}.Release|Any CPU.Build.0 = Release|Any CPU
		{EB3CA151-3053-46CE-972A-9F21740FBE00}.Debug|Any CPU.ActiveCfg = Debug|Any CPU
		{EB3CA151-3053-46CE-972A-9F21740FBE00}.Debug|Any CPU.Build.0 = Debug|Any CPU
		{EB3CA151-3053-46CE-972A-9F21740FBE00}.Release|Any CPU.ActiveCfg = Release|Any CPU
		{EB3CA151-3053-46CE-972A-9F21740FBE00}.Release|Any CPU.Build.0 = Release|Any CPU
		{BCCE3895-AEB8-49A9-92CD-DC63F962958F}.Debug|Any CPU.ActiveCfg = Debug|Any CPU
		{BCCE3895-AEB8-49A9-92CD-DC63F962958F}.Debug|Any CPU.Build.0 = Debug|Any CPU
		{BCCE3895-AEB8-49A9-92CD-DC63F962958F}.Release|Any CPU.ActiveCfg = Release|Any CPU
		{BCCE3895-AEB8-49A9-92CD-DC63F962958F}.Release|Any CPU.Build.0 = Release|Any CPU
		{192FD54C-BE21-4D91-A0F0-882928F1F80B}.Debug|Any CPU.ActiveCfg = Debug|Any CPU
		{192FD54C-BE21-4D91-A0F0-882928F1F80B}.Debug|Any CPU.Build.0 = Debug|Any CPU
		{192FD54C-BE21-4D91-A0F0-882928F1F80B}.Release|Any CPU.ActiveCfg = Release|Any CPU
		{192FD54C-BE21-4D91-A0F0-882928F1F80B}.Release|Any CPU.Build.0 = Release|Any CPU
		{F8341946-A5FF-4E2C-8ECD-F0B368C3F1FA}.Debug|Any CPU.ActiveCfg = Debug|Any CPU
		{F8341946-A5FF-4E2C-8ECD-F0B368C3F1FA}.Debug|Any CPU.Build.0 = Debug|Any CPU
		{F8341946-A5FF-4E2C-8ECD-F0B368C3F1FA}.Release|Any CPU.ActiveCfg = Release|Any CPU
		{F8341946-A5FF-4E2C-8ECD-F0B368C3F1FA}.Release|Any CPU.Build.0 = Release|Any CPU
		{5001485C-2604-4B09-982D-686ABD14B786}.Debug|Any CPU.ActiveCfg = Debug|Any CPU
		{5001485C-2604-4B09-982D-686ABD14B786}.Debug|Any CPU.Build.0 = Debug|Any CPU
		{5001485C-2604-4B09-982D-686ABD14B786}.Release|Any CPU.ActiveCfg = Release|Any CPU
		{5001485C-2604-4B09-982D-686ABD14B786}.Release|Any CPU.Build.0 = Release|Any CPU
		{263AB9FD-F553-4E4E-BB20-0784D590CC26}.Debug|Any CPU.ActiveCfg = Debug|Any CPU
		{263AB9FD-F553-4E4E-BB20-0784D590CC26}.Debug|Any CPU.Build.0 = Debug|Any CPU
		{263AB9FD-F553-4E4E-BB20-0784D590CC26}.Release|Any CPU.ActiveCfg = Release|Any CPU
		{263AB9FD-F553-4E4E-BB20-0784D590CC26}.Release|Any CPU.Build.0 = Release|Any CPU
		{AA0AC9A8-8D6D-4B4E-BA94-7739A59F356B}.Debug|Any CPU.ActiveCfg = Debug|Any CPU
		{AA0AC9A8-8D6D-4B4E-BA94-7739A59F356B}.Debug|Any CPU.Build.0 = Debug|Any CPU
		{AA0AC9A8-8D6D-4B4E-BA94-7739A59F356B}.Release|Any CPU.ActiveCfg = Release|Any CPU
		{AA0AC9A8-8D6D-4B4E-BA94-7739A59F356B}.Release|Any CPU.Build.0 = Release|Any CPU
		{6C7B4F21-5DD1-4FEF-BEB9-B0E876C03F32}.Debug|Any CPU.ActiveCfg = Debug|Any CPU
		{6C7B4F21-5DD1-4FEF-BEB9-B0E876C03F32}.Debug|Any CPU.Build.0 = Debug|Any CPU
		{6C7B4F21-5DD1-4FEF-BEB9-B0E876C03F32}.Release|Any CPU.ActiveCfg = Release|Any CPU
		{6C7B4F21-5DD1-4FEF-BEB9-B0E876C03F32}.Release|Any CPU.Build.0 = Release|Any CPU
		{A74E6CCA-299B-42ED-966C-81E4DEA2E5D9}.Debug|Any CPU.ActiveCfg = Debug|Any CPU
		{A74E6CCA-299B-42ED-966C-81E4DEA2E5D9}.Debug|Any CPU.Build.0 = Debug|Any CPU
		{A74E6CCA-299B-42ED-966C-81E4DEA2E5D9}.Release|Any CPU.ActiveCfg = Release|Any CPU
		{A74E6CCA-299B-42ED-966C-81E4DEA2E5D9}.Release|Any CPU.Build.0 = Release|Any CPU
		{4C9B798B-7733-4C05-B403-9B886C612501}.Debug|Any CPU.ActiveCfg = Debug|Any CPU
		{4C9B798B-7733-4C05-B403-9B886C612501}.Debug|Any CPU.Build.0 = Debug|Any CPU
		{4C9B798B-7733-4C05-B403-9B886C612501}.Release|Any CPU.ActiveCfg = Release|Any CPU
		{4C9B798B-7733-4C05-B403-9B886C612501}.Release|Any CPU.Build.0 = Release|Any CPU
		{4FF1B0D1-4EF6-4D30-9F46-559056F2E0B7}.Debug|Any CPU.ActiveCfg = Debug|Any CPU
		{4FF1B0D1-4EF6-4D30-9F46-559056F2E0B7}.Debug|Any CPU.Build.0 = Debug|Any CPU
		{4FF1B0D1-4EF6-4D30-9F46-559056F2E0B7}.Release|Any CPU.ActiveCfg = Release|Any CPU
		{4FF1B0D1-4EF6-4D30-9F46-559056F2E0B7}.Release|Any CPU.Build.0 = Release|Any CPU
		{A711BCA4-8F03-40C4-A0E9-BE8A02C0A6BF}.Debug|Any CPU.ActiveCfg = Debug|Any CPU
		{A711BCA4-8F03-40C4-A0E9-BE8A02C0A6BF}.Debug|Any CPU.Build.0 = Debug|Any CPU
		{A711BCA4-8F03-40C4-A0E9-BE8A02C0A6BF}.Release|Any CPU.ActiveCfg = Release|Any CPU
		{A711BCA4-8F03-40C4-A0E9-BE8A02C0A6BF}.Release|Any CPU.Build.0 = Release|Any CPU
		{4E722854-03C7-480D-BDCA-5A58B668303C}.Debug|Any CPU.ActiveCfg = Debug|Any CPU
		{4E722854-03C7-480D-BDCA-5A58B668303C}.Debug|Any CPU.Build.0 = Debug|Any CPU
		{4E722854-03C7-480D-BDCA-5A58B668303C}.Release|Any CPU.ActiveCfg = Release|Any CPU
		{4E722854-03C7-480D-BDCA-5A58B668303C}.Release|Any CPU.Build.0 = Release|Any CPU
		{0877D89C-B73F-4C99-8469-098CC49BC0F6}.Debug|Any CPU.ActiveCfg = Debug|Any CPU
		{0877D89C-B73F-4C99-8469-098CC49BC0F6}.Debug|Any CPU.Build.0 = Debug|Any CPU
		{0877D89C-B73F-4C99-8469-098CC49BC0F6}.Release|Any CPU.ActiveCfg = Release|Any CPU
		{0877D89C-B73F-4C99-8469-098CC49BC0F6}.Release|Any CPU.Build.0 = Release|Any CPU
	EndGlobalSection
	GlobalSection(SolutionProperties) = preSolution
		HideSolutionNode = FALSE
	EndGlobalSection
	GlobalSection(NestedProjects) = preSolution
		{213F1AF6-7AC3-49A9-B6D7-6940F82A8EBE} = {AD42E931-D6E9-462F-8D3F-A3A325E192BF}
		{31EF73FB-4BC1-454F-8D55-D008307AABFF} = {A740F90E-8752-4EB6-AC00-C85EA9429F84}
		{EB3CA151-3053-46CE-972A-9F21740FBE00} = {A740F90E-8752-4EB6-AC00-C85EA9429F84}
		{BCCE3895-AEB8-49A9-92CD-DC63F962958F} = {234C5722-4F7D-466B-9973-C983D3FB4944}
		{192FD54C-BE21-4D91-A0F0-882928F1F80B} = {234C5722-4F7D-466B-9973-C983D3FB4944}
		{F8341946-A5FF-4E2C-8ECD-F0B368C3F1FA} = {234C5722-4F7D-466B-9973-C983D3FB4944}
		{5001485C-2604-4B09-982D-686ABD14B786} = {3DBCD14F-3200-4AAA-A7B2-1E1950DB38ED}
		{263AB9FD-F553-4E4E-BB20-0784D590CC26} = {3DBCD14F-3200-4AAA-A7B2-1E1950DB38ED}
		{AA0AC9A8-8D6D-4B4E-BA94-7739A59F356B} = {9E273562-E2F4-43BC-BB91-F146C3D43F25}
		{6C7B4F21-5DD1-4FEF-BEB9-B0E876C03F32} = {E7123AAA-8DD2-4FB0-8FFB-45995BDBF581}
		{A74E6CCA-299B-42ED-966C-81E4DEA2E5D9} = {3EEE5397-1FB7-46C0-BF87-F5135AD0AAF7}
		{4C9B798B-7733-4C05-B403-9B886C612501} = {3EEE5397-1FB7-46C0-BF87-F5135AD0AAF7}
		{4FF1B0D1-4EF6-4D30-9F46-559056F2E0B7} = {9E273562-E2F4-43BC-BB91-F146C3D43F25}
		{A711BCA4-8F03-40C4-A0E9-BE8A02C0A6BF} = {DA0D9A50-C704-4292-98B9-E5049764498D}
		{4E722854-03C7-480D-BDCA-5A58B668303C} = {DA0D9A50-C704-4292-98B9-E5049764498D}
		{0877D89C-B73F-4C99-8469-098CC49BC0F6} = {DA0D9A50-C704-4292-98B9-E5049764498D}
	EndGlobalSection
	GlobalSection(ExtensibilityGlobals) = postSolution
		SolutionGuid = {11EBD8C7-C857-4816-8912-6A0B9BC00C46}
	EndGlobalSection
EndGlobal
